
Microsoft Visual Studio Solution File, Format Version 12.00
# Visual Studio 2013
VisualStudioVersion = 12.0.31101.0
MinimumVisualStudioVersion = 10.0.40219.1
Project("{FAE04EC0-301F-11D3-BF4B-00C04F79EFBC}") = "AmazonEcho", "AmazonEcho\AmazonEcho.csproj", "{5C943FF1-448F-4218-B5E5-06F526947277}"
EndProject
Project("{FAE04EC0-301F-11D3-BF4B-00C04F79EFBC}") = "AmazonEchoApi", "AmazonEchoApi\AmazonEchoApi.csproj", "{CB1C06D3-FB86-43BA-A723-B4D1523536B6}"
EndProject
Project("{2150E333-8FDC-42A3-9474-1A3956D46DE8}") = ".git", ".git", "{5AB9697C-5031-46E5-8237-A0BE7CAFD684}"
	ProjectSection(SolutionItems) = preProject
		.gitattributes = .gitattributes
		.gitignore = .gitignore
	EndProjectSection
EndProject
Project("{FAE04EC0-301F-11D3-BF4B-00C04F79EFBC}") = "StylishMaterialTheme", "StylishMaterialTheme\StylishMaterialTheme.csproj", "{AD36BC90-13CD-4705-91D9-B8DB9C6A1461}"
EndProject
Global
	GlobalSection(SolutionConfigurationPlatforms) = preSolution
		Debug|Any CPU = Debug|Any CPU
		Release|Any CPU = Release|Any CPU
	EndGlobalSection
	GlobalSection(ProjectConfigurationPlatforms) = postSolution
		{5C943FF1-448F-4218-B5E5-06F526947277}.Debug|Any CPU.ActiveCfg = Debug|Any CPU
		{5C943FF1-448F-4218-B5E5-06F526947277}.Debug|Any CPU.Build.0 = Debug|Any CPU
		{5C943FF1-448F-4218-B5E5-06F526947277}.Release|Any CPU.ActiveCfg = Release|Any CPU
		{5C943FF1-448F-4218-B5E5-06F526947277}.Release|Any CPU.Build.0 = Release|Any CPU
		{CB1C06D3-FB86-43BA-A723-B4D1523536B6}.Debug|Any CPU.ActiveCfg = Debug|Any CPU
		{CB1C06D3-FB86-43BA-A723-B4D1523536B6}.Debug|Any CPU.Build.0 = Debug|Any CPU
		{CB1C06D3-FB86-43BA-A723-B4D1523536B6}.Release|Any CPU.ActiveCfg = Release|Any CPU
		{CB1C06D3-FB86-43BA-A723-B4D1523536B6}.Release|Any CPU.Build.0 = Release|Any CPU
		{AD36BC90-13CD-4705-91D9-B8DB9C6A1461}.Debug|Any CPU.ActiveCfg = Debug|Any CPU
		{AD36BC90-13CD-4705-91D9-B8DB9C6A1461}.Debug|Any CPU.Build.0 = Debug|Any CPU
		{AD36BC90-13CD-4705-91D9-B8DB9C6A1461}.Release|Any CPU.ActiveCfg = Release|Any CPU
		{AD36BC90-13CD-4705-91D9-B8DB9C6A1461}.Release|Any CPU.Build.0 = Release|Any CPU
	EndGlobalSection
	GlobalSection(SolutionProperties) = preSolution
		HideSolutionNode = FALSE
	EndGlobalSection
EndGlobal
